
Microsoft Visual Studio Solution File, Format Version 12.00
# Visual Studio Version 16
VisualStudioVersion = 16.0.29519.181
MinimumVisualStudioVersion = 10.0.40219.1
Project("{FAE04EC0-301F-11D3-BF4B-00C04F79EFBC}") = "EsercizioInf", "EsercizioInf\EsercizioInf.csproj", "{EBFC2D6B-0B27-41F9-95B9-FC8C55F3BB0D}"
EndProject
Global
	GlobalSection(SolutionConfigurationPlatforms) = preSolution
		Debug|Any CPU = Debug|Any CPU
		Release|Any CPU = Release|Any CPU
	EndGlobalSection
	GlobalSection(ProjectConfigurationPlatforms) = postSolution
		{EBFC2D6B-0B27-41F9-95B9-FC8C55F3BB0D}.Debug|Any CPU.ActiveCfg = Debug|Any CPU
		{EBFC2D6B-0B27-41F9-95B9-FC8C55F3BB0D}.Debug|Any CPU.Build.0 = Debug|Any CPU
		{EBFC2D6B-0B27-41F9-95B9-FC8C55F3BB0D}.Release|Any CPU.ActiveCfg = Release|Any CPU
		{EBFC2D6B-0B27-41F9-95B9-FC8C55F3BB0D}.Release|Any CPU.Build.0 = Release|Any CPU
	EndGlobalSection
	GlobalSection(SolutionProperties) = preSolution
		HideSolutionNode = FALSE
	EndGlobalSection
	GlobalSection(ExtensibilityGlobals) = postSolution
		SolutionGuid = {6DFFC5CD-7120-4427-A3A9-43C65639E24E}
	EndGlobalSection
EndGlobal
